
Microsoft Visual Studio Solution File, Format Version 12.00
# Visual Studio Version 17
VisualStudioVersion = 17.11.35327.3
MinimumVisualStudioVersion = 10.0.40219.1
Project("{9A19103F-16F7-4668-BE54-9A1E7A4F7556}") = "DevApps", "DevApps\DevApps.csproj", "{CEB99080-6936-41C9-B17C-6BFA5915FC63}"
EndProject
Project("{9A19103F-16F7-4668-BE54-9A1E7A4F7556}") = "DevAppsSetup", "DevAppsSetup\DevAppsSetup.csproj", "{02945B13-0DCA-470A-8AD2-E26D89D68854}"
EndProject
Project("{FAE04EC0-301F-11D3-BF4B-00C04F79EFBC}") = "ANTLR", "ANTLR\ANTLR.csproj", "{38D256C7-6B28-4398-9CA5-4EA410B0C3D6}"
EndProject
Project("{FAE04EC0-301F-11D3-BF4B-00C04F79EFBC}") = "DevAppsExtension", "DevAppsExtension\DevAppsExtension.csproj", "{42953FCF-C081-438A-9EBD-716F8709B1E5}"
EndProject
Project("{FAE04EC0-301F-11D3-BF4B-00C04F79EFBC}") = "JavascriptExtends", "JavaScriptExtends\JavascriptExtends.csproj", "{C6D3B693-BD0F-C28D-ECCA-F1B459976FDD}"
EndProject
Project("{FAE04EC0-301F-11D3-BF4B-00C04F79EFBC}") = "MermaidExtends", "MermaidExtends\MermaidExtends.csproj", "{1561936C-8362-7196-2AF9-6B7698CC623E}"
EndProject
Project("{FAE04EC0-301F-11D3-BF4B-00C04F79EFBC}") = "DevAppsMcp", "DevAppsMcp\DevAppsMcp.csproj", "{D358C509-2BE6-43E4-8C36-9C65B08814AF}"
EndProject
Global
	GlobalSection(SolutionConfigurationPlatforms) = preSolution
		Debug|Any CPU = Debug|Any CPU
		Release|Any CPU = Release|Any CPU
	EndGlobalSection
	GlobalSection(ProjectConfigurationPlatforms) = postSolution
		{CEB99080-6936-41C9-B17C-6BFA5915FC63}.Debug|Any CPU.ActiveCfg = Debug|Any CPU
		{CEB99080-6936-41C9-B17C-6BFA5915FC63}.Debug|Any CPU.Build.0 = Debug|Any CPU
		{CEB99080-6936-41C9-B17C-6BFA5915FC63}.Release|Any CPU.ActiveCfg = Release|Any CPU
		{CEB99080-6936-41C9-B17C-6BFA5915FC63}.Release|Any CPU.Build.0 = Release|Any CPU
		{02945B13-0DCA-470A-8AD2-E26D89D68854}.Debug|Any CPU.ActiveCfg = Debug|Any CPU
		{02945B13-0DCA-470A-8AD2-E26D89D68854}.Debug|Any CPU.Build.0 = Debug|Any CPU
		{02945B13-0DCA-470A-8AD2-E26D89D68854}.Release|Any CPU.ActiveCfg = Release|Any CPU
		{02945B13-0DCA-470A-8AD2-E26D89D68854}.Release|Any CPU.Build.0 = Release|Any CPU
		{38D256C7-6B28-4398-9CA5-4EA410B0C3D6}.Debug|Any CPU.ActiveCfg = Debug|Any CPU
		{38D256C7-6B28-4398-9CA5-4EA410B0C3D6}.Debug|Any CPU.Build.0 = Debug|Any CPU
		{38D256C7-6B28-4398-9CA5-4EA410B0C3D6}.Release|Any CPU.ActiveCfg = Release|Any CPU
		{38D256C7-6B28-4398-9CA5-4EA410B0C3D6}.Release|Any CPU.Build.0 = Release|Any CPU
		{42953FCF-C081-438A-9EBD-716F8709B1E5}.Debug|Any CPU.ActiveCfg = Debug|Any CPU
		{42953FCF-C081-438A-9EBD-716F8709B1E5}.Debug|Any CPU.Build.0 = Debug|Any CPU
		{42953FCF-C081-438A-9EBD-716F8709B1E5}.Release|Any CPU.ActiveCfg = Release|Any CPU
		{42953FCF-C081-438A-9EBD-716F8709B1E5}.Release|Any CPU.Build.0 = Release|Any CPU
		{C6D3B693-BD0F-C28D-ECCA-F1B459976FDD}.Debug|Any CPU.ActiveCfg = Debug|Any CPU
		{C6D3B693-BD0F-C28D-ECCA-F1B459976FDD}.Debug|Any CPU.Build.0 = Debug|Any CPU
		{C6D3B693-BD0F-C28D-ECCA-F1B459976FDD}.Release|Any CPU.ActiveCfg = Release|Any CPU
		{C6D3B693-BD0F-C28D-ECCA-F1B459976FDD}.Release|Any CPU.Build.0 = Release|Any CPU
		{1561936C-8362-7196-2AF9-6B7698CC623E}.Debug|Any CPU.ActiveCfg = Debug|Any CPU
		{1561936C-8362-7196-2AF9-6B7698CC623E}.Debug|Any CPU.Build.0 = Debug|Any CPU
		{1561936C-8362-7196-2AF9-6B7698CC623E}.Release|Any CPU.ActiveCfg = Release|Any CPU
		{1561936C-8362-7196-2AF9-6B7698CC623E}.Release|Any CPU.Build.0 = Release|Any CPU
		{D358C509-2BE6-43E4-8C36-9C65B08814AF}.Debug|Any CPU.ActiveCfg = Debug|Any CPU
		{D358C509-2BE6-43E4-8C36-9C65B08814AF}.Debug|Any CPU.Build.0 = Debug|Any CPU
		{D358C509-2BE6-43E4-8C36-9C65B08814AF}.Release|Any CPU.ActiveCfg = Release|Any CPU
		{D358C509-2BE6-43E4-8C36-9C65B08814AF}.Release|Any CPU.Build.0 = Release|Any CPU
	EndGlobalSection
	GlobalSection(SolutionProperties) = preSolution
		HideSolutionNode = FALSE
	EndGlobalSection
	GlobalSection(ExtensibilityGlobals) = postSolution
		SolutionGuid = {279951BF-18B7-46BC-BAFF-79BA7237F035}
	EndGlobalSection
EndGlobal
